{
  "name": "gym-app-monorepo",
  "lockfileVersion": 3,
  "requires": true,
  "packages": {
    "": {
      "name": "gym-app-monorepo",
      "workspaces": [
        "frontend/client",
        "frontend/admin"
      ]
    },
    "frontend/admin": {
      "name": "@gym-app/admin",
      "dependencies": {
        "@angular/common": "^18.0.0",
        "@angular/core": "^18.0.0",
        "@angular/forms": "^18.0.0",
        "@angular/platform-browser": "^18.0.0",
        "@angular/router": "^18.0.0",
        "rxjs": "^7.8.0",
        "tslib": "^2.6.0",
        "zone.js": "^0.14.0"
      },
      "devDependencies": {
        "typescript": "^5.5.0"
      }
    },
    "frontend/client": {
      "name": "@gym-app/client",
      "dependencies": {
        "@angular/common": "^18.0.0",
        "@angular/core": "^18.0.0",
        "@angular/forms": "^18.0.0",
        "@angular/platform-browser": "^18.0.0",
        "@angular/router": "^18.0.0",
        "@ionic/angular": "^8.0.0",
        "rxjs": "^7.8.0",
        "tslib": "^2.6.0",
        "zone.js": "^0.14.0"
      },
      "devDependencies": {
        "typescript": "^5.5.0"
      }
    },
    "node_modules/@angular/common": {
      "version": "18.2.14",
      "resolved": "https://registry.npmjs.org/@angular/common/-/common-18.2.14.tgz",
      "integrity": "sha512-ZPRswzaVRiqcfZoowuAM22Hr2/z10ajWOUoFDoQ9tWqz/fH/773kJv2F9VvePIekgNPCzaizqv9gF6tGNqaAwg==",
      "license": "MIT",
      "dependencies": {
        "tslib": "^2.3.0"
      },
      "engines": {
        "node": "^18.19.1 || ^20.11.1 || >=22.0.0"
      },
      "peerDependencies": {
        "@angular/core": "18.2.14",
        "rxjs": "^6.5.3 || ^7.4.0"
      }
    },
    "node_modules/@angular/core": {
      "version": "18.2.14",
      "resolved": "https://registry.npmjs.org/@angular/core/-/core-18.2.14.tgz",
      "integrity": "sha512-BIPrCs93ZZTY9ym7yfoTgAQ5rs706yoYeAdrgc8kh/bDbM9DawxKlgeKBx2FLt09Y0YQ1bFhKVp0cV4gDEaMxQ==",
      "license": "MIT",
      "dependencies": {
        "tslib": "^2.3.0"
      },
      "engines": {
        "node": "^18.19.1 || ^20.11.1 || >=22.0.0"
      },
      "peerDependencies": {
        "rxjs": "^6.5.3 || ^7.4.0",
        "zone.js": "~0.14.10"
      }
    },
    "node_modules/@angular/forms": {
      "version": "18.2.14",
      "resolved": "https://registry.npmjs.org/@angular/forms/-/forms-18.2.14.tgz",
      "integrity": "sha512-fZVwXctmBJa5VdopJae/T9MYKPXNd04+6j4k/6X819y+9fiyWLJt2QicSc5Rc+YD9mmhXag3xaljlrnotf9VGA==",
      "license": "MIT",
      "dependencies": {
        "tslib": "^2.3.0"
      },
      "engines": {
        "node": "^18.19.1 || ^20.11.1 || >=22.0.0"
      },
      "peerDependencies": {
        "@angular/common": "18.2.14",
        "@angular/core": "18.2.14",
        "@angular/platform-browser": "18.2.14",
        "rxjs": "^6.5.3 || ^7.4.0"
      }
    },
    "node_modules/@angular/platform-browser": {
      "version": "18.2.14",
      "resolved": "https://registry.npmjs.org/@angular/platform-browser/-/platform-browser-18.2.14.tgz",
      "integrity": "sha512-W+JTxI25su3RiZVZT3Yrw6KNUCmOIy7OZIZ+612skPgYK2f2qil7VclnW1oCwG896h50cMJU/lnAfxZxefQgyQ==",
      "license": "MIT",
      "dependencies": {
        "tslib": "^2.3.0"
      },
      "engines": {
        "node": "^18.19.1 || ^20.11.1 || >=22.0.0"
      },
      "peerDependencies": {
        "@angular/animations": "18.2.14",
        "@angular/common": "18.2.14",
        "@angular/core": "18.2.14"
      },
      "peerDependenciesMeta": {
        "@angular/animations": {
          "optional": true
        }
      }
    },
    "node_modules/@angular/router": {
      "version": "18.2.14",
      "resolved": "https://registry.npmjs.org/@angular/router/-/router-18.2.14.tgz",
      "integrity": "sha512-v/gweh8MBjjDfh1QssuyjISa+6SVVIvIZox7MaMs81RkaoVHwS9grDtPud1pTKHzms2KxSVpvwwyvkRJQplueg==",
      "license": "MIT",
      "dependencies": {
        "tslib": "^2.3.0"
      },
      "engines": {
        "node": "^18.19.1 || ^20.11.1 || >=22.0.0"
      },
      "peerDependencies": {
        "@angular/common": "18.2.14",
        "@angular/core": "18.2.14",
        "@angular/platform-browser": "18.2.14",
        "rxjs": "^6.5.3 || ^7.4.0"
      }
    },
    "node_modules/@gym-app/admin": {
      "resolved": "frontend/admin",
      "link": true
    },
    "node_modules/@gym-app/client": {
      "resolved": "frontend/client",
      "link": true
    },
    "node_modules/@ionic/angular": {
      "version": "8.8.16",
      "resolved": "https://registry.npmjs.org/@ionic/angular/-/angular-8.8.16.tgz",
      "integrity": "sha512-IH+TGWCDZ6/V03xDoFvAGqJJ/j8/HT6Jo0m/jKifL1h+xYP8k96EOYUgnfheIuS+3GCOfpHwOhakBBQWqk/R9A==",
      "license": "MIT",
      "dependencies": {
        "@ionic/core": "8.8.16",
        "ionicons": "^8.0.13",
        "jsonc-parser": "^3.0.0",
        "tslib": "^2.3.0"
      },
      "peerDependencies": {
        "@angular/core": ">=16.0.0",
        "@angular/forms": ">=16.0.0",
        "@angular/router": ">=16.0.0",
        "rxjs": ">=7.5.0",
        "zone.js": ">=0.13.0"
      }
    },
    "node_modules/@ionic/core": {
      "version": "8.8.16",
      "resolved": "https://registry.npmjs.org/@ionic/core/-/core-8.8.16.tgz",
      "integrity": "sha512-4/kdnSw5NgW8iXfPG8YGti/LxGUyDL6bXEV6+qNR/MZcqF+0xQlEgHz7JrxpfN0kDyxJkLjhWJZSKUk07TRLKQ==",
      "license": "MIT",
      "dependencies": {
        "@stencil/core": "4.43.5",
        "ionicons": "^8.0.13",
        "tslib": "^2.1.0"
      },
      "engines": {
        "node": ">= 16"
      }
    },
    "node_modules/@rollup/rollup-darwin-arm64": {
      "version": "4.44.0",
      "resolved": "https://registry.npmjs.org/@rollup/rollup-darwin-arm64/-/rollup-darwin-arm64-4.44.0.tgz",
      "integrity": "sha512-VGF3wy0Eq1gcEIkSCr8Ke03CWT+Pm2yveKLaDvq51pPpZza3JX/ClxXOCmTYYq3us5MvEuNRTaeyFThCKRQhOA==",
      "cpu": [
        "arm64"
      ],
      "license": "MIT",
      "optional": true,
      "os": [
        "darwin"
      ]
    },
    "node_modules/@rollup/rollup-darwin-x64": {
      "version": "4.44.0",
      "resolved": "https://registry.npmjs.org/@rollup/rollup-darwin-x64/-/rollup-darwin-x64-4.44.0.tgz",
      "integrity": "sha512-fBkyrDhwquRvrTxSGH/qqt3/T0w5Rg0L7ZIDypvBPc1/gzjJle6acCpZ36blwuwcKD/u6oCE/sRWlUAcxLWQbQ==",
      "cpu": [
        "x64"
      ],
      "license": "MIT",
      "optional": true,
      "os": [
        "darwin"
      ]
    },
    "node_modules/@rollup/rollup-linux-arm64-gnu": {
      "version": "4.44.0",
      "resolved": "https://registry.npmjs.org/@rollup/rollup-linux-arm64-gnu/-/rollup-linux-arm64-gnu-4.44.0.tgz",
      "integrity": "sha512-ZTR2mxBHb4tK4wGf9b8SYg0Y6KQPjGpR4UWwTFdnmjB4qRtoATZ5dWn3KsDwGa5Z2ZBOE7K52L36J9LueKBdOQ==",
      "cpu": [
        "arm64"
      ],
      "license": "MIT",
      "optional": true,
      "os": [
        "linux"
      ]
    },
    "node_modules/@rollup/rollup-linux-arm64-musl": {
      "version": "4.44.0",
      "resolved": "https://registry.npmjs.org/@rollup/rollup-linux-arm64-musl/-/rollup-linux-arm64-musl-4.44.0.tgz",
      "integrity": "sha512-GFWfAhVhWGd4r6UxmnKRTBwP1qmModHtd5gkraeW2G490BpFOZkFtem8yuX2NyafIP/mGpRJgTJ2PwohQkUY/Q==",
      "cpu": [
        "arm64"
      ],
      "license": "MIT",
      "optional": true,
      "os": [
        "linux"
      ]
    },
    "node_modules/@rollup/rollup-linux-x64-gnu": {
      "version": "4.44.0",
      "resolved": "https://registry.npmjs.org/@rollup/rollup-linux-x64-gnu/-/rollup-linux-x64-gnu-4.44.0.tgz",
      "integrity": "sha512-iUVJc3c0o8l9Sa/qlDL2Z9UP92UZZW1+EmQ4xfjTc1akr0iUFZNfxrXJ/R1T90h/ILm9iXEY6+iPrmYB3pXKjw==",
      "cpu": [
        "x64"
      ],
      "license": "MIT",
      "optional": true,
      "os": [
        "linux"
      ]
    },
    "node_modules/@rollup/rollup-linux-x64-musl": {
      "version": "4.44.0",
      "resolved": "https://registry.npmjs.org/@rollup/rollup-linux-x64-musl/-/rollup-linux-x64-musl-4.44.0.tgz",
      "integrity": "sha512-PQUobbhLTQT5yz/SPg116VJBgz+XOtXt8D1ck+sfJJhuEsMj2jSej5yTdp8CvWBSceu+WW+ibVL6dm0ptG5fcA==",
      "cpu": [
        "x64"
      ],
      "license": "MIT",
      "optional": true,
      "os": [
        "linux"
      ]
    },
    "node_modules/@rollup/rollup-win32-arm64-msvc": {
      "version": "4.44.0",
      "resolved": "https://registry.npmjs.org/@rollup/rollup-win32-arm64-msvc/-/rollup-win32-arm64-msvc-4.44.0.tgz",
      "integrity": "sha512-M0CpcHf8TWn+4oTxJfh7LQuTuaYeXGbk0eageVjQCKzYLsajWS/lFC94qlRqOlyC2KvRT90ZrfXULYmukeIy7w==",
      "cpu": [
        "arm64"
      ],
      "license": "MIT",
      "optional": true,
      "os": [
        "win32"
      ]
    },
    "node_modules/@rollup/rollup-win32-x64-msvc": {
      "version": "4.44.0",
      "resolved": "https://registry.npmjs.org/@rollup/rollup-win32-x64-msvc/-/rollup-win32-x64-msvc-4.44.0.tgz",
      "integrity": "sha512-Q2Mgwt+D8hd5FIPUuPDsvPR7Bguza6yTkJxspDGkZj7tBRn2y4KSWYuIXpftFSjBra76TbKerCV7rgFPQrn+wQ==",
      "cpu": [
        "x64"
      ],
      "license": "MIT",
      "optional": true,
      "os": [
        "win32"
      ]
    },
    "node_modules/@stencil/core": {
      "version": "4.43.5",
      "resolved": "https://registry.npmjs.org/@stencil/core/-/core-4.43.5.tgz",
      "integrity": "sha512-cgWD+GeuvJpTe1WQn40p02+BJ2j0j1YJ17GdkF2qKIQ23s2e3Zivq5yISXS3dcuV6oUJFN93jprdk+nk/sq99Q==",
      "license": "MIT",
      "bin": {
        "stencil": "bin/stencil"
      },
      "engines": {
        "node": ">=16.0.0",
        "npm": ">=7.10.0"
      },
      "optionalDependencies": {
        "@rollup/rollup-darwin-arm64": "4.44.0",
        "@rollup/rollup-darwin-x64": "4.44.0",
        "@rollup/rollup-linux-arm64-gnu": "4.44.0",
        "@rollup/rollup-linux-arm64-musl": "4.44.0",
        "@rollup/rollup-linux-x64-gnu": "4.44.0",
        "@rollup/rollup-linux-x64-musl": "4.44.0",
        "@rollup/rollup-win32-arm64-msvc": "4.44.0",
        "@rollup/rollup-win32-x64-msvc": "4.44.0"
      }
    },
    "node_modules/ionicons": {
      "version": "8.1.0",
      "resolved": "https://registry.npmjs.org/ionicons/-/ionicons-8.1.0.tgz",
      "integrity": "sha512-XSM2gYWTXxSYTwjmKWAoy4yR7AbAFDjpc5ZIivAiGXskM0fe5CdMPfs6InQRUcrYtVb2WZ/0HQ1/jeh3JW78SA==",
      "license": "MIT",
      "dependencies": {
        "@stencil/core": "^4.43.5"
      }
    },
    "node_modules/jsonc-parser": {
      "version": "3.3.1",
      "resolved": "https://registry.npmjs.org/jsonc-parser/-/jsonc-parser-3.3.1.tgz",
      "integrity": "sha512-HUgH65KyejrUFPvHFPbqOY0rsFip3Bo5wb4ngvdi1EpCYWUQDC5V+Y7mZws+DLkr4M//zQJoanu1SP+87Dv1oQ==",
      "license": "MIT"
    },
    "node_modules/rxjs": {
      "version": "7.8.2",
      "resolved": "https://registry.npmjs.org/rxjs/-/rxjs-7.8.2.tgz",
      "integrity": "sha512-dhKf903U/PQZY6boNNtAGdWbG85WAbjT/1xYoZIC7FAY0yWapOBQVsVrDl58W86//e1VpMNBtRV4MaXfdMySFA==",
      "license": "Apache-2.0",
      "dependencies": {
        "tslib": "^2.1.0"
      }
    },
    "node_modules/tslib": {
      "version": "2.8.1",
      "resolved": "https://registry.npmjs.org/tslib/-/tslib-2.8.1.tgz",
      "integrity": "sha512-oJFu94HQb+KVduSUQL7wnpmqnfmLsOA/nAh6b6EH0wCEoK0/mPeXU6c3wKDV83MkOuHPRHtSXKKU99IBazS/2w==",
      "license": "0BSD"
    },
    "node_modules/typescript": {
      "version": "5.9.3",
      "resolved": "https://registry.npmjs.org/typescript/-/typescript-5.9.3.tgz",
      "integrity": "sha512-jl1vZzPDinLr9eUt3J/t7V6FgNEw9QjvBPdysz9KfQDD41fQrC2Y4vKQdiaUpFT4bXlb1RHhLpp8wtm6M5TgSw==",
      "dev": true,
      "license": "Apache-2.0",
      "bin": {
        "tsc": "bin/tsc",
        "tsserver": "bin/tsserver"
      },
      "engines": {
        "node": ">=14.17"
      }
    },
    "node_modules/zone.js": {
      "version": "0.14.10",
      "resolved": "https://registry.npmjs.org/zone.js/-/zone.js-0.14.10.tgz",
      "integrity": "sha512-YGAhaO7J5ywOXW6InXNlLmfU194F8lVgu7bRntUF3TiG8Y3nBK0x1UJJuHUP/e8IyihkjCYqhCScpSwnlaSRkQ==",
      "license": "MIT"
    }
  }
}
